// !$*UTF8*$!
{
	archiveVersion = 1;
	classes = {
	};
	objectVersion = 48;
	objects = {

/* Begin PBXBuildFile section */
		FACB68BA2028E516008C8C4A /* AppDelegate.swift in Sources */ = {isa = PBXBuildFile; fileRef = FACB68B92028E516008C8C4A /* AppDelegate.swift */; };
		FACB68BC2028E516008C8C4A /* ViewController.swift in Sources */ = {isa = PBXBuildFile; fileRef = FACB68BB2028E516008C8C4A /* ViewController.swift */; };
		FACB68BF2028E516008C8C4A /* Main.storyboard in Resources */ = {isa = PBXBuildFile; fileRef = FACB68BD2028E516008C8C4A /* Main.storyboard */; };
		FACB68C12028E516008C8C4A /* Assets.xcassets in Resources */ = {isa = PBXBuildFile; fileRef = FACB68C02028E516008C8C4A /* Assets.xcassets */; };
		FACB68C42028E516008C8C4A /* LaunchScreen.storyboard in Resources */ = {isa = PBXBuildFile; fileRef = FACB68C22028E516008C8C4A /* LaunchScreen.storyboard */; };
		FACB68CF2028E516008C8C4A /* FoodTrackerTests.swift in Sources */ = {isa = PBXBuildFile; fileRef = FACB68CE2028E516008C8C4A /* FoodTrackerTests.swift */; };
		FACB68DA2028E516008C8C4A /* FoodTrackerUITests.swift in Sources */ = {isa = PBXBuildFile; fileRef = FACB68D92028E516008C8C4A /* FoodTrackerUITests.swift */; };
		FACB68E82028F4EC008C8C4A /* ExpiryIndicator.swift in Sources */ = {isa = PBXBuildFile; fileRef = FACB68E72028F4EC008C8C4A /* ExpiryIndicator.swift */; };
/* End PBXBuildFile section */

/* Begin PBXContainerItemProxy section */
		FACB68CB2028E516008C8C4A /* PBXContainerItemProxy */ = {
			isa = PBXContainerItemProxy;
			containerPortal = FACB68AE2028E515008C8C4A /* Project object */;
			proxyType = 1;
			remoteGlobalIDString = FACB68B52028E516008C8C4A;
			remoteInfo = FoodTracker;
		};
		FACB68D62028E516008C8C4A /* PBXContainerItemProxy */ = {
			isa = PBXContainerItemProxy;
			containerPortal = FACB68AE2028E515008C8C4A /* Project object */;
			proxyType = 1;
			remoteGlobalIDString = FACB68B52028E516008C8C4A;
			remoteInfo = FoodTracker;
		};
/* End PBXContainerItemProxy section */

/* Begin PBXFileReference section */
		FACB68B62028E516008C8C4A /* FoodTracker.app */ = {isa = PBXFileReference; explicitFileType = wrapper.application; includeInIndex = 0; path = FoodTracker.app; sourceTree = BUILT_PRODUCTS_DIR; };
		FACB68B92028E516008C8C4A /* AppDelegate.swift */ = {isa = PBXFileReference; lastKnownFileType = sourcecode.swift; path = AppDelegate.swift; sourceTree = "<group>"; };
		FACB68BB2028E516008C8C4A /* ViewController.swift */ = {isa = PBXFileReference; lastKnownFileType = sourcecode.swift; path = ViewController.swift; sourceTree = "<group>"; };
		FACB68BE2028E516008C8C4A /* Base */ = {isa = PBXFileReference; lastKnownFileType = file.storyboard; name = Base; path = Base.lproj/Main.storyboard; sourceTree = "<group>"; };
		FACB68C02028E516008C8C4A /* Assets.xcassets */ = {isa = PBXFileReference; lastKnownFileType = folder.assetcatalog; path = Assets.xcassets; sourceTree = "<group>"; };
		FACB68C32028E516008C8C4A /* Base */ = {isa = PBXFileReference; lastKnownFileType = file.storyboard; name = Base; path = Base.lproj/LaunchScreen.storyboard; sourceTree = "<group>"; };
		FACB68C52028E516008C8C4A /* Info.plist */ = {isa = PBXFileReference; lastKnownFileType = text.plist.xml; path = Info.plist; sourceTree = "<group>"; };
		FACB68CA2028E516008C8C4A /* FoodTrackerTests.xctest */ = {isa = PBXFileReference; explicitFileType = wrapper.cfbundle; includeInIndex = 0; path = FoodTrackerTests.xctest; sourceTree = BUILT_PRODUCTS_DIR; };
		FACB68CE2028E516008C8C4A /* FoodTrackerTests.swift */ = {isa = PBXFileReference; lastKnownFileType = sourcecode.swift; path = FoodTrackerTests.swift; sourceTree = "<group>"; };
		FACB68D02028E516008C8C4A /* Info.plist */ = {isa = PBXFileReference; lastKnownFileType = text.plist.xml; path = Info.plist; sourceTree = "<group>"; };
		FACB68D52028E516008C8C4A /* FoodTrackerUITests.xctest */ = {isa = PBXFileReference; explicitFileType = wrapper.cfbundle; includeInIndex = 0; path = FoodTrackerUITests.xctest; sourceTree = BUILT_PRODUCTS_DIR; };
		FACB68D92028E516008C8C4A /* FoodTrackerUITests.swift */ = {isa = PBXFileReference; lastKnownFileType = sourcecode.swift; path = FoodTrackerUITests.swift; sourceTree = "<group>"; };
		FACB68DB2028E516008C8C4A /* Info.plist */ = {isa = PBXFileReference; lastKnownFileType = text.plist.xml; path = Info.plist; sourceTree = "<group>"; };
		FACB68E72028F4EC008C8C4A /* ExpiryIndicator.swift */ = {isa = PBXFileReference; lastKnownFileType = sourcecode.swift; path = ExpiryIndicator.swift; sourceTree = "<group>"; };
/* End PBXFileReference section */

/* Begin PBXFrameworksBuildPhase section */
		FACB68B32028E516008C8C4A /* Frameworks */ = {
			isa = PBXFrameworksBuildPhase;
			buildActionMask = 2147483647;
			files = (
			);
			runOnlyForDeploymentPostprocessing = 0;
		};
		FACB68C72028E516008C8C4A /* Frameworks */ = {
			isa = PBXFrameworksBuildPhase;
			buildActionMask = 2147483647;
			files = (
			);
			runOnlyForDeploymentPostprocessing = 0;
		};
		FACB68D22028E516008C8C4A /* Frameworks */ = {
			isa = PBXFrameworksBuildPhase;
			buildActionMask = 2147483647;
			files = (
			);
			runOnlyForDeploymentPostprocessing = 0;
		};
/* End PBXFrameworksBuildPhase section */

/* Begin PBXGroup section */
		FACB68AD2028E515008C8C4A = {
			isa = PBXGroup;
			children = (
				FACB68B82028E516008C8C4A /* FoodTracker */,
				FACB68CD2028E516008C8C4A /* FoodTrackerTests */,
				FACB68D82028E516008C8C4A /* FoodTrackerUITests */,
				FACB68B72028E516008C8C4A /* Products */,
			);
			sourceTree = "<group>";
		};
		FACB68B72028E516008C8C4A /* Products */ = {
			isa = PBXGroup;
			children = (
				FACB68B62028E516008C8C4A /* FoodTracker.app */,
				FACB68CA2028E516008C8C4A /* FoodTrackerTests.xctest */,
				FACB68D52028E516008C8C4A /* FoodTrackerUITests.xctest */,
			);
			name = Products;
			sourceTree = "<group>";
		};
		FACB68B82028E516008C8C4A /* FoodTracker */ = {
			isa = PBXGroup;
			children = (
				FACB68B92028E516008C8C4A /* AppDelegate.swift */,
				FACB68BB2028E516008C8C4A /* ViewController.swift */,
				FACB68BD2028E516008C8C4A /* Main.storyboard */,
				FACB68E72028F4EC008C8C4A /* ExpiryIndicator.swift */,
				FACB68C02028E516008C8C4A /* Assets.xcassets */,
				FACB68C22028E516008C8C4A /* LaunchScreen.storyboard */,
				FACB68C52028E516008C8C4A /* Info.plist */,
			);
			path = FoodTracker;
			sourceTree = "<group>";
		};
		FACB68CD2028E516008C8C4A /* FoodTrackerTests */ = {
			isa = PBXGroup;
			children = (
				FACB68CE2028E516008C8C4A /* FoodTrackerTests.swift */,
				FACB68D02028E516008C8C4A /* Info.plist */,
			);
			path = FoodTrackerTests;
			sourceTree = "<group>";
		};
		FACB68D82028E516008C8C4A /* FoodTrackerUITests */ = {
			isa = PBXGroup;
			children = (
				FACB68D92028E516008C8C4A /* FoodTrackerUITests.swift */,
				FACB68DB2028E516008C8C4A /* Info.plist */,
			);
			path = FoodTrackerUITests;
			sourceTree = "<group>";
		};
/* End PBXGroup section */

/* Begin PBXNativeTarget section */
		FACB68B52028E516008C8C4A /* FoodTracker */ = {
			isa = PBXNativeTarget;
			buildConfigurationList = FACB68DE2028E516008C8C4A /* Build configuration list for PBXNativeTarget "FoodTracker" */;
			buildPhases = (
				FACB68B22028E516008C8C4A /* Sources */,
				FACB68B32028E516008C8C4A /* Frameworks */,
				FACB68B42028E516008C8C4A /* Resources */,
			);
			buildRules = (
			);
			dependencies = (
			);
			name = FoodTracker;
			productName = FoodTracker;
			productReference = FACB68B62028E516008C8C4A /* FoodTracker.app */;
			productType = "com.apple.product-type.application";
		};
		FACB68C92028E516008C8C4A /* FoodTrackerTests */ = {
			isa = PBXNativeTarget;
			buildConfigurationList = FACB68E12028E516008C8C4A /* Build configuration list for PBXNativeTarget "FoodTrackerTests" */;
			buildPhases = (
				FACB68C62028E516008C8C4A /* Sources */,
				FACB68C72028E516008C8C4A /* Frameworks */,
				FACB68C82028E516008C8C4A /* Resources */,
			);
			buildRules = (
			);
			dependencies = (
				FACB68CC2028E516008C8C4A /* PBXTargetDependency */,
			);
			name = FoodTrackerTests;
			productName = FoodTrackerTests;
			productReference = FACB68CA2028E516008C8C4A /* FoodTrackerTests.xctest */;
			productType = "com.apple.product-type.bundle.unit-test";
		};
		FACB68D42028E516008C8C4A /* FoodTrackerUITests */ = {
			isa = PBXNativeTarget;
			buildConfigurationList = FACB68E42028E516008C8C4A /* Build configuration list for PBXNativeTarget "FoodTrackerUITests" */;
			buildPhases = (
				FACB68D12028E516008C8C4A /* Sources */,
				FACB68D22028E516008C8C4A /* Frameworks */,
				FACB68D32028E516008C8C4A /* Resources */,
			);
			buildRules = (
			);
			dependencies = (
				FACB68D72028E516008C8C4A /* PBXTargetDependency */,
			);
			name = FoodTrackerUITests;
			productName = FoodTrackerUITests;
			productReference = FACB68D52028E516008C8C4A /* FoodTrackerUITests.xctest */;
			productType = "com.apple.product-type.bundle.ui-testing";
		};
/* End PBXNativeTarget section */

/* Begin PBXProject section */
		FACB68AE2028E515008C8C4A /* Project object */ = {
			isa = PBXProject;
			attributes = {
				LastSwiftUpdateCheck = 0920;
				LastUpgradeCheck = 0920;
				ORGANIZATIONNAME = Camosun;
				TargetAttributes = {
					FACB68B52028E516008C8C4A = {
						CreatedOnToolsVersion = 9.2;
						ProvisioningStyle = Automatic;
					};
					FACB68C92028E516008C8C4A = {
						CreatedOnToolsVersion = 9.2;
						ProvisioningStyle = Automatic;
						TestTargetID = FACB68B52028E516008C8C4A;
					};
					FACB68D42028E516008C8C4A = {
						CreatedOnToolsVersion = 9.2;
						ProvisioningStyle = Automatic;
						TestTargetID = FACB68B52028E516008C8C4A;
					};
				};
			};
			buildConfigurationList = FACB68B12028E515008C8C4A /* Build configuration list for PBXProject "FoodTracker" */;
			compatibilityVersion = "Xcode 8.0";
			developmentRegion = en;
			hasScannedForEncodings = 0;
			knownRegions = (
				en,
				Base,
			);
			mainGroup = FACB68AD2028E515008C8C4A;
			productRefGroup = FACB68B72028E516008C8C4A /* Products */;
			projectDirPath = "";
			projectRoot = "";
			targets = (
				FACB68B52028E516008C8C4A /* FoodTracker */,
				FACB68C92028E516008C8C4A /* FoodTrackerTests */,
				FACB68D42028E516008C8C4A /* FoodTrackerUITests */,
			);
		};
/* End PBXProject section */

/* Begin PBXResourcesBuildPhase section */
		FACB68B42028E516008C8C4A /* Resources */ = {
			isa = PBXResourcesBuildPhase;
			buildActionMask = 2147483647;
			files = (
				FACB68C42028E516008C8C4A /* LaunchScreen.storyboard in Resources */,
				FACB68C12028E516008C8C4A /* Assets.xcassets in Resources */,
				FACB68BF2028E516008C8C4A /* Main.storyboard in Resources */,
			);
			runOnlyForDeploymentPostprocessing = 0;
		};
		FACB68C82028E516008C8C4A /* Resources */ = {
			isa = PBXResourcesBuildPhase;
			buildActionMask = 2147483647;
			files = (
			);
			runOnlyForDeploymentPostprocessing = 0;
		};
		FACB68D32028E516008C8C4A /* Resources */ = {
			isa = PBXResourcesBuildPhase;
			buildActionMask = 2147483647;
			files = (
			);
			runOnlyForDeploymentPostprocessing = 0;
		};
/* End PBXResourcesBuildPhase section */

/* Begin PBXSourcesBuildPhase section */
		FACB68B22028E516008C8C4A /* Sources */ = {
			isa = PBXSourcesBuildPhase;
			buildActionMask = 2147483647;
			files = (
				FACB68BC2028E516008C8C4A /* ViewController.swift in Sources */,
				FACB68BA2028E516008C8C4A /* AppDelegate.swift in Sources */,
				FACB68E82028F4EC008C8C4A /* ExpiryIndicator.swift in Sources */,
			);
			runOnlyForDeploymentPostprocessing = 0;
		};
		FACB68C62028E516008C8C4A /* Sources */ = {
			isa = PBXSourcesBuildPhase;
			buildActionMask = 2147483647;
			files = (
				FACB68CF2028E516008C8C4A /* FoodTrackerTests.swift in Sources */,
			);
			runOnlyForDeploymentPostprocessing = 0;
		};
		FACB68D12028E516008C8C4A /* Sources */ = {
			isa = PBXSourcesBuildPhase;
			buildActionMask = 2147483647;
			files = (
				FACB68DA2028E516008C8C4A /* FoodTrackerUITests.swift in Sources */,
			);
			runOnlyForDeploymentPostprocessing = 0;
		};
/* End PBXSourcesBuildPhase section */

/* Begin PBXTargetDependency section */
		FACB68CC2028E516008C8C4A /* PBXTargetDependency */ = {
			isa = PBXTargetDependency;
			target = FACB68B52028E516008C8C4A /* FoodTracker */;
			targetProxy = FACB68CB2028E516008C8C4A /* PBXContainerItemProxy */;
		};
		FACB68D72028E516008C8C4A /* PBXTargetDependency */ = {
			isa = PBXTargetDependency;
			target = FACB68B52028E516008C8C4A /* FoodTracker */;
			targetProxy = FACB68D62028E516008C8C4A /* PBXContainerItemProxy */;
		};
/* End PBXTargetDependency section */

/* Begin PBXVariantGroup section */
		FACB68BD2028E516008C8C4A /* Main.storyboard */ = {
			isa = PBXVariantGroup;
			children = (
				FACB68BE2028E516008C8C4A /* Base */,
			);
			name = Main.storyboard;
			sourceTree = "<group>";
		};
		FACB68C22028E516008C8C4A /* LaunchScreen.storyboard */ = {
			isa = PBXVariantGroup;
			children = (
				FACB68C32028E516008C8C4A /* Base */,
			);
			name = LaunchScreen.storyboard;
			sourceTree = "<group>";
		};
/* End PBXVariantGroup section */

/* Begin XCBuildConfiguration section */
		FACB68DC2028E516008C8C4A /* Debug */ = {
			isa = XCBuildConfiguration;
			buildSettings = {
				ALWAYS_SEARCH_USER_PATHS = NO;
				CLANG_ANALYZER_NONNULL = YES;
				CLANG_ANALYZER_NUMBER_OBJECT_CONVERSION = YES_AGGRESSIVE;
				CLANG_CXX_LANGUAGE_STANDARD = "gnu++14";
				CLANG_CXX_LIBRARY = "libc++";
				CLANG_ENABLE_MODULES = YES;
				CLANG_ENABLE_OBJC_ARC = YES;
				CLANG_WARN_BLOCK_CAPTURE_AUTORELEASING = YES;
				CLANG_WARN_BOOL_CONVERSION = YES;
				CLANG_WARN_COMMA = YES;
				CLANG_WARN_CONSTANT_CONVERSION = YES;
				CLANG_WARN_DIRECT_OBJC_ISA_USAGE = YES_ERROR;
				CLANG_WARN_DOCUMENTATION_COMMENTS = YES;
				CLANG_WARN_EMPTY_BODY = YES;
				CLANG_WARN_ENUM_CONVERSION = YES;
				CLANG_WARN_INFINITE_RECURSION = YES;
				CLANG_WARN_INT_CONVERSION = YES;
				CLANG_WARN_NON_LITERAL_NULL_CONVERSION = YES;
				CLANG_WARN_OBJC_LITERAL_CONVERSION = YES;
				CLANG_WARN_OBJC_ROOT_CLASS = YES_ERROR;
				CLANG_WARN_RANGE_LOOP_ANALYSIS = YES;
				CLANG_WARN_STRICT_PROTOTYPES = YES;
				CLANG_WARN_SUSPICIOUS_MOVE = YES;
				CLANG_WARN_UNGUARDED_AVAILABILITY = YES_AGGRESSIVE;
				CLANG_WARN_UNREACHABLE_CODE = YES;
				CLANG_WARN__DUPLICATE_METHOD_MATCH = YES;
				CODE_SIGN_IDENTITY = "iPhone Developer";
				COPY_PHASE_STRIP = NO;
				DEBUG_INFORMATION_FORMAT = dwarf;
				ENABLE_STRICT_OBJC_MSGSEND = YES;
				ENABLE_TESTABILITY = YES;
				GCC_C_LANGUAGE_STANDARD = gnu11;
				GCC_DYNAMIC_NO_PIC = NO;
				GCC_NO_COMMON_BLOCKS = YES;
				GCC_OPTIMIZATION_LEVEL = 0;
				GCC_PREPROCESSOR_DEFINITIONS = (
					"DEBUG=1",
					"$(inherited)",
				);
				GCC_WARN_64_TO_32_BIT_CONVERSION = YES;
				GCC_WARN_ABOUT_RETURN_TYPE = YES_ERROR;
				GCC_WARN_UNDECLARED_SELECTOR = YES;
				GCC_WARN_UNINITIALIZED_AUTOS = YES_AGGRESSIVE;
				GCC_WARN_UNUSED_FUNCTION = YES;
				GCC_WARN_UNUSED_VARIABLE = YES;
				IPHONEOS_DEPLOYMENT_TARGET = 11.2;
				MTL_ENABLE_DEBUG_INFO = YES;
				ONLY_ACTIVE_ARCH = YES;
				SDKROOT = iphoneos;
				SWIFT_ACTIVE_COMPILATION_CONDITIONS = DEBUG;
				SWIFT_OPTIMIZATION_LEVEL = "-Onone";
			};
			name = Debug;
		};
		FACB68DD2028E516008C8C4A /* Release */ = {
			isa = XCBuildConfiguration;
			buildSettings = {
				ALWAYS_SEARCH_USER_PATHS = NO;
				CLANG_ANALYZER_NONNULL = YES;
				CLANG_ANALYZER_NUMBER_OBJECT_CONVERSION = YES_AGGRESSIVE;
				CLANG_CXX_LANGUAGE_STANDARD = "gnu++14";
				CLANG_CXX_LIBRARY = "libc++";
				CLANG_ENABLE_MODULES = YES;
				CLANG_ENABLE_OBJC_ARC = YES;
				CLANG_WARN_BLOCK_CAPTURE_AUTORELEASING = YES;
				CLANG_WARN_BOOL_CONVERSION = YES;
				CLANG_WARN_COMMA = YES;
				CLANG_WARN_CONSTANT_CONVERSION = YES;
				CLANG_WARN_DIRECT_OBJC_ISA_USAGE = YES_ERROR;
				CLANG_WARN_DOCUMENTATION_COMMENTS = YES;
				CLANG_WARN_EMPTY_BODY = YES;
				CLANG_WARN_ENUM_CONVERSION = YES;
				CLANG_WARN_INFINITE_RECURSION = YES;
				CLANG_WARN_INT_CONVERSION = YES;
				CLANG_WARN_NON_LITERAL_NULL_CONVERSION = YES;
				CLANG_WARN_OBJC_LITERAL_CONVERSION = YES;
				CLANG_WARN_OBJC_ROOT_CLASS = YES_ERROR;
				CLANG_WARN_RANGE_LOOP_ANALYSIS = YES;
				CLANG_WARN_STRICT_PROTOTYPES = YES;
				CLANG_WARN_SUSPICIOUS_MOVE = YES;
				CLANG_WARN_UNGUARDED_AVAILABILITY = YES_AGGRESSIVE;
				CLANG_WARN_UNREACHABLE_CODE = YES;
				CLANG_WARN__DUPLICATE_METHOD_MATCH = YES;
				CODE_SIGN_IDENTITY = "iPhone Developer";
				COPY_PHASE_STRIP = NO;
				DEBUG_INFORMATION_FORMAT = "dwarf-with-dsym";
				ENABLE_NS_ASSERTIONS = NO;
				ENABLE_STRICT_OBJC_MSGSEND = YES;
				GCC_C_LANGUAGE_STANDARD = gnu11;
				GCC_NO_COMMON_BLOCKS = YES;
				GCC_WARN_64_TO_32_BIT_CONVERSION = YES;
				GCC_WARN_ABOUT_RETURN_TYPE = YES_ERROR;
				GCC_WARN_UNDECLARED_SELECTOR = YES;
				GCC_WARN_UNINITIALIZED_AUTOS = YES_AGGRESSIVE;
				GCC_WARN_UNUSED_FUNCTION = YES;
				GCC_WARN_UNUSED_VARIABLE = YES;
				IPHONEOS_DEPLOYMENT_TARGET = 11.2;
				MTL_ENABLE_DEBUG_INFO = NO;
				SDKROOT = iphoneos;
				SWIFT_OPTIMIZATION_LEVEL = "-Owholemodule";
				VALIDATE_PRODUCT = YES;
			};
			name = Release;
		};
		FACB68DF2028E516008C8C4A /* Debug */ = {
			isa = XCBuildConfiguration;
			buildSettings = {
				ASSETCATALOG_COMPILER_APPICON_NAME = AppIcon;
				CODE_SIGN_STYLE = Automatic;
				INFOPLIST_FILE = FoodTracker/Info.plist;
				LD_RUNPATH_SEARCH_PATHS = "$(inherited) @executable_path/Frameworks";
				PRODUCT_BUNDLE_IDENTIFIER = ca.camosun.FoodTracker;
				PRODUCT_NAME = "$(TARGET_NAME)";
				SWIFT_VERSION = 4.0;
				TARGETED_DEVICE_FAMILY = "1,2";
			};
			name = Debug;
		};
		FACB68E02028E516008C8C4A /* Release */ = {
			isa = XCBuildConfiguration;
			buildSettings = {
				ASSETCATALOG_COMPILER_APPICON_NAME = AppIcon;
				CODE_SIGN_STYLE = Automatic;
				INFOPLIST_FILE = FoodTracker/Info.plist;
				LD_RUNPATH_SEARCH_PATHS = "$(inherited) @executable_path/Frameworks";
				PRODUCT_BUNDLE_IDENTIFIER = ca.camosun.FoodTracker;
				PRODUCT_NAME = "$(TARGET_NAME)";
				SWIFT_VERSION = 4.0;
				TARGETED_DEVICE_FAMILY = "1,2";
			};
			name = Release;
		};
		FACB68E22028E516008C8C4A /* Debug */ = {
			isa = XCBuildConfiguration;
			buildSettings = {
				ALWAYS_EMBED_SWIFT_STANDARD_LIBRARIES = YES;
				BUNDLE_LOADER = "$(TEST_HOST)";
				CODE_SIGN_STYLE = Automatic;
				INFOPLIST_FILE = FoodTrackerTests/Info.plist;
				LD_RUNPATH_SEARCH_PATHS = "$(inherited) @executable_path/Frameworks @loader_path/Frameworks";
				PRODUCT_BUNDLE_IDENTIFIER = ca.camosun.FoodTrackerTests;
				PRODUCT_NAME = "$(TARGET_NAME)";
				SWIFT_VERSION = 4.0;
				TARGETED_DEVICE_FAMILY = "1,2";
				TEST_HOST = "$(BUILT_PRODUCTS_DIR)/FoodTracker.app/FoodTracker";
			};
			name = Debug;
		};
		FACB68E32028E516008C8C4A /* Release */ = {
			isa = XCBuildConfiguration;
			buildSettings = {
				ALWAYS_EMBED_SWIFT_STANDARD_LIBRARIES = YES;
				BUNDLE_LOADER = "$(TEST_HOST)";
				CODE_SIGN_STYLE = Automatic;
				INFOPLIST_FILE = FoodTrackerTests/Info.plist;
				LD_RUNPATH_SEARCH_PATHS = "$(inherited) @executable_path/Frameworks @loader_path/Frameworks";
				PRODUCT_BUNDLE_IDENTIFIER = ca.camosun.FoodTrackerTests;
				PRODUCT_NAME = "$(TARGET_NAME)";
				SWIFT_VERSION = 4.0;
				TARGETED_DEVICE_FAMILY = "1,2";
				TEST_HOST = "$(BUILT_PRODUCTS_DIR)/FoodTracker.app/FoodTracker";
			};
			name = Release;
		};
		FACB68E52028E516008C8C4A /* Debug */ = {
			isa = XCBuildConfiguration;
			buildSettings = {
				ALWAYS_EMBED_SWIFT_STANDARD_LIBRARIES = YES;
				CODE_SIGN_STYLE = Automatic;
				INFOPLIST_FILE = FoodTrackerUITests/Info.plist;
				LD_RUNPATH_SEARCH_PATHS = "$(inherited) @executable_path/Frameworks @loader_path/Frameworks";
				PRODUCT_BUNDLE_IDENTIFIER = ca.camosun.FoodTrackerUITests;
				PRODUCT_NAME = "$(TARGET_NAME)";
				SWIFT_VERSION = 4.0;
				TARGETED_DEVICE_FAMILY = "1,2";
				TEST_TARGET_NAME = FoodTracker;
			};
			name = Debug;
		};
		FACB68E62028E516008C8C4A /* Release */ = {
			isa = XCBuildConfiguration;
			buildSettings = {
				ALWAYS_EMBED_SWIFT_STANDARD_LIBRARIES = YES;
				CODE_SIGN_STYLE = Automatic;
				INFOPLIST_FILE = FoodTrackerUITests/Info.plist;
				LD_RUNPATH_SEARCH_PATHS = "$(inherited) @executable_path/Frameworks @loader_path/Frameworks";
				PRODUCT_BUNDLE_IDENTIFIER = ca.camosun.FoodTrackerUITests;
				PRODUCT_NAME = "$(TARGET_NAME)";
				SWIFT_VERSION = 4.0;
				TARGETED_DEVICE_FAMILY = "1,2";
				TEST_TARGET_NAME = FoodTracker;
			};
			name = Release;
		};
/* End XCBuildConfiguration section */

/* Begin XCConfigurationList section */
		FACB68B12028E515008C8C4A /* Build configuration list for PBXProject "FoodTracker" */ = {
			isa = XCConfigurationList;
			buildConfigurations = (
				FACB68DC2028E516008C8C4A /* Debug */,
				FACB68DD2028E516008C8C4A /* Release */,
			);
			defaultConfigurationIsVisible = 0;
			defaultConfigurationName = Release;
		};
		FACB68DE2028E516008C8C4A /* Build configuration list for PBXNativeTarget "FoodTracker" */ = {
			isa = XCConfigurationList;
			buildConfigurations = (
				FACB68DF2028E516008C8C4A /* Debug */,
				FACB68E02028E516008C8C4A /* Release */,
			);
			defaultConfigurationIsVisible = 0;
			defaultConfigurationName = Release;
		};
		FACB68E12028E516008C8C4A /* Build configuration list for PBXNativeTarget "FoodTrackerTests" */ = {
			isa = XCConfigurationList;
			buildConfigurations = (
				FACB68E22028E516008C8C4A /* Debug */,
				FACB68E32028E516008C8C4A /* Release */,
			);
			defaultConfigurationIsVisible = 0;
			defaultConfigurationName = Release;
		};
		FACB68E42028E516008C8C4A /* Build configuration list for PBXNativeTarget "FoodTrackerUITests" */ = {
			isa = XCConfigurationList;
			buildConfigurations = (
				FACB68E52028E516008C8C4A /* Debug */,
				FACB68E62028E516008C8C4A /* Release */,
			);
			defaultConfigurationIsVisible = 0;
			defaultConfigurationName = Release;
		};
/* End XCConfigurationList section */
	};
	rootObject = FACB68AE2028E515008C8C4A /* Project object */;
}
